
Microsoft Visual Studio Solution File, Format Version 12.00
# Visual Studio Version 17
VisualStudioVersion = 17.5.33516.290
MinimumVisualStudioVersion = 10.0.40219.1
Project("{FAE04EC0-301F-11D3-BF4B-00C04F79EFBC}") = "InsertionSort", "InsertionSort.csproj", "{13760970-6F6F-4A1E-BFF3-1ADD38A270BB}"
EndProject
Global
	GlobalSection(SolutionConfigurationPlatforms) = preSolution
		Debug|Any CPU = Debug|Any CPU
		Release|Any CPU = Release|Any CPU
	EndGlobalSection
	GlobalSection(ProjectConfigurationPlatforms) = postSolution
		{13760970-6F6F-4A1E-BFF3-1ADD38A270BB}.Debug|Any CPU.ActiveCfg = Debug|Any CPU
		{13760970-6F6F-4A1E-BFF3-1ADD38A270BB}.Debug|Any CPU.Build.0 = Debug|Any CPU
		{13760970-6F6F-4A1E-BFF3-1ADD38A270BB}.Release|Any CPU.ActiveCfg = Release|Any CPU
		{13760970-6F6F-4A1E-BFF3-1ADD38A270BB}.Release|Any CPU.Build.0 = Release|Any CPU
	EndGlobalSection
	GlobalSection(SolutionProperties) = preSolution
		HideSolutionNode = FALSE
	EndGlobalSection
	GlobalSection(ExtensibilityGlobals) = postSolution
		SolutionGuid = {B0F3AB60-A7FF-4E2F-B00C-292B6E4EFCB9}
	EndGlobalSection
EndGlobal
