
Microsoft Visual Studio Solution File, Format Version 12.00
# Visual Studio Version 17
VisualStudioVersion = 17.5.33516.290
MinimumVisualStudioVersion = 10.0.40219.1
Project("{FAE04EC0-301F-11D3-BF4B-00C04F79EFBC}") = "BubbleSort", "BubbleSort.csproj", "{10FF6CA0-84A7-4440-B75C-9D11CAE40E57}"
EndProject
Global
	GlobalSection(SolutionConfigurationPlatforms) = preSolution
		Debug|Any CPU = Debug|Any CPU
		Release|Any CPU = Release|Any CPU
	EndGlobalSection
	GlobalSection(ProjectConfigurationPlatforms) = postSolution
		{10FF6CA0-84A7-4440-B75C-9D11CAE40E57}.Debug|Any CPU.ActiveCfg = Debug|Any CPU
		{10FF6CA0-84A7-4440-B75C-9D11CAE40E57}.Debug|Any CPU.Build.0 = Debug|Any CPU
		{10FF6CA0-84A7-4440-B75C-9D11CAE40E57}.Release|Any CPU.ActiveCfg = Release|Any CPU
		{10FF6CA0-84A7-4440-B75C-9D11CAE40E57}.Release|Any CPU.Build.0 = Release|Any CPU
	EndGlobalSection
	GlobalSection(SolutionProperties) = preSolution
		HideSolutionNode = FALSE
	EndGlobalSection
	GlobalSection(ExtensibilityGlobals) = postSolution
		SolutionGuid = {9BE8FA0E-779A-46B0-BF21-BA03A418F824}
	EndGlobalSection
EndGlobal
