
Microsoft Visual Studio Solution File, Format Version 12.00
# Visual Studio Version 17
VisualStudioVersion = 17.5.33516.290
MinimumVisualStudioVersion = 10.0.40219.1
Project("{FAE04EC0-301F-11D3-BF4B-00C04F79EFBC}") = "SelectionSort", "SelectionSort.csproj", "{A2BD93CF-6681-4A4E-9EFB-2E53E77C5425}"
EndProject
Global
	GlobalSection(SolutionConfigurationPlatforms) = preSolution
		Debug|Any CPU = Debug|Any CPU
		Release|Any CPU = Release|Any CPU
	EndGlobalSection
	GlobalSection(ProjectConfigurationPlatforms) = postSolution
		{A2BD93CF-6681-4A4E-9EFB-2E53E77C5425}.Debug|Any CPU.ActiveCfg = Debug|Any CPU
		{A2BD93CF-6681-4A4E-9EFB-2E53E77C5425}.Debug|Any CPU.Build.0 = Debug|Any CPU
		{A2BD93CF-6681-4A4E-9EFB-2E53E77C5425}.Release|Any CPU.ActiveCfg = Release|Any CPU
		{A2BD93CF-6681-4A4E-9EFB-2E53E77C5425}.Release|Any CPU.Build.0 = Release|Any CPU
	EndGlobalSection
	GlobalSection(SolutionProperties) = preSolution
		HideSolutionNode = FALSE
	EndGlobalSection
	GlobalSection(ExtensibilityGlobals) = postSolution
		SolutionGuid = {CCD6221B-BB10-4191-AE4B-A2A6B9772D4B}
	EndGlobalSection
EndGlobal
